
Microsoft Visual Studio Solution File, Format Version 12.00
# Visual Studio Version 17
VisualStudioVersion = 17.4.33213.308
MinimumVisualStudioVersion = 10.0.40219.1
Project("{9A19103F-16F7-4668-BE54-9A1E7A4F7556}") = "OhMyDuckingLord_project", "OhMyDuckingLord_project\OhMyDuckingLord_project.csproj", "{0A1E9C18-CE91-4A61-A246-DE28A7510AA2}"
EndProject
Project("{9A19103F-16F7-4668-BE54-9A1E7A4F7556}") = "engine", "engine\engine.csproj", "{957D9C3C-F774-49C7-BFC0-725E52CD20C3}"
EndProject
Global
	GlobalSection(SolutionConfigurationPlatforms) = preSolution
		Debug|Any CPU = Debug|Any CPU
		Release|Any CPU = Release|Any CPU
	EndGlobalSection
	GlobalSection(ProjectConfigurationPlatforms) = postSolution
		{0A1E9C18-CE91-4A61-A246-DE28A7510AA2}.Debug|Any CPU.ActiveCfg = Debug|Any CPU
		{0A1E9C18-CE91-4A61-A246-DE28A7510AA2}.Debug|Any CPU.Build.0 = Debug|Any CPU
		{0A1E9C18-CE91-4A61-A246-DE28A7510AA2}.Release|Any CPU.ActiveCfg = Release|Any CPU
		{0A1E9C18-CE91-4A61-A246-DE28A7510AA2}.Release|Any CPU.Build.0 = Release|Any CPU
		{957D9C3C-F774-49C7-BFC0-725E52CD20C3}.Debug|Any CPU.ActiveCfg = Debug|Any CPU
		{957D9C3C-F774-49C7-BFC0-725E52CD20C3}.Debug|Any CPU.Build.0 = Debug|Any CPU
		{957D9C3C-F774-49C7-BFC0-725E52CD20C3}.Release|Any CPU.ActiveCfg = Release|Any CPU
		{957D9C3C-F774-49C7-BFC0-725E52CD20C3}.Release|Any CPU.Build.0 = Release|Any CPU
	EndGlobalSection
	GlobalSection(SolutionProperties) = preSolution
		HideSolutionNode = FALSE
	EndGlobalSection
	GlobalSection(ExtensibilityGlobals) = postSolution
		SolutionGuid = {CD201211-E071-4EFA-8EA2-03F7746E2A0A}
	EndGlobalSection
EndGlobal
